
Microsoft Visual Studio Solution File, Format Version 12.00
# Visual Studio Version 17
VisualStudioVersion = 17.3.32922.545
MinimumVisualStudioVersion = 10.0.40219.1
Project("{8BC9CEB8-8B4A-11D0-8D11-00A0C91BC942}") = "Cache Simulation", "Cache Simulation\Cache Simulation.vcxproj", "{C00AE0A7-10CF-46E9-A719-9880E2FB826E}"
EndProject
Global
	GlobalSection(SolutionConfigurationPlatforms) = preSolution
		Debug|x64 = Debug|x64
		Debug|x86 = Debug|x86
		Release|x64 = Release|x64
		Release|x86 = Release|x86
	EndGlobalSection
	GlobalSection(ProjectConfigurationPlatforms) = postSolution
		{C00AE0A7-10CF-46E9-A719-9880E2FB826E}.Debug|x64.ActiveCfg = Debug|x64
		{C00AE0A7-10CF-46E9-A719-9880E2FB826E}.Debug|x64.Build.0 = Debug|x64
		{C00AE0A7-10CF-46E9-A719-9880E2FB826E}.Debug|x86.ActiveCfg = Debug|Win32
		{C00AE0A7-10CF-46E9-A719-9880E2FB826E}.Debug|x86.Build.0 = Debug|Win32
		{C00AE0A7-10CF-46E9-A719-9880E2FB826E}.Release|x64.ActiveCfg = Release|x64
		{C00AE0A7-10CF-46E9-A719-9880E2FB826E}.Release|x64.Build.0 = Release|x64
		{C00AE0A7-10CF-46E9-A719-9880E2FB826E}.Release|x86.ActiveCfg = Release|Win32
		{C00AE0A7-10CF-46E9-A719-9880E2FB826E}.Release|x86.Build.0 = Release|Win32
	EndGlobalSection
	GlobalSection(SolutionProperties) = preSolution
		HideSolutionNode = FALSE
	EndGlobalSection
	GlobalSection(ExtensibilityGlobals) = postSolution
		SolutionGuid = {89BE2CFC-A09B-43B5-9ED4-B58101E81897}
	EndGlobalSection
EndGlobal
